<?xml version="1.0" encoding="utf-8"?>
<Project ToolsVersion="4.0" xmlns="http://schemas.microsoft.com/developer/msbuild/2003">
  <ItemGroup>
    <Filter Include="Source Files">
      <UniqueIdentifier>{4FC737F1-C7A5-4376-A066-2A32D752A2FF}</UniqueIdentifier>
      <Extensions>cpp;c;cc;cxx;def;odl;idl;hpj;bat;asm;asmx</Extensions>
    </Filter>
    <Filter Include="Header Files">
      <UniqueIdentifier>{93995380-89BD-4b04-88EB-625FBE52EBFB}</UniqueIdentifier>
      <Extensions>h;hh;hpp;hxx;hm;inl;inc;xsd</Extensions>
    </Filter>
    <Filter Include="Resource Files">
      <UniqueIdentifier>{67DA6AB6-F800-4c08-8B7A-83BB121AAD01}</UniqueIdentifier>
      <Extensions>rc;ico;cur;bmp;dlg;rc2;rct;bin;rgs;gif;jpg;jpeg;jpe;resx;tiff;tif;png;wav;mfcribbon-ms</Extensions>
    </Filter>
  </ItemGroup>
  <ItemGroup>
    <ClInclude Include="..\..\..\SFML-Game-Development-Book\05_States\Include\Book\Aircraft.hpp">
      <Filter>Header Files</Filter>
    </ClInclude>
    <ClInclude Include="..\..\..\SFML-Game-Development-Book\05_States\Include\Book\Application.hpp">
      <Filter>Header Files</Filter>
    </ClInclude>
    <ClInclude Include="..\..\..\SFML-Game-Development-Book\05_States\Include\Book\Category.hpp">
      <Filter>Header Files</Filter>
    </ClInclude>
    <ClInclude Include="..\..\..\SFML-Game-Development-Book\05_States\Include\Book\Command.hpp">
      <Filter>Header Files</Filter>
    </ClInclude>
    <ClInclude Include="..\..\..\SFML-Game-Development-Book\05_States\Include\Book\CommandQueue.hpp">
      <Filter>Header Files</Filter>
    </ClInclude>
    <ClInclude Include="..\..\..\SFML-Game-Development-Book\05_States\Include\Book\Entity.hpp">
      <Filter>Header Files</Filter>
    </ClInclude>
    <ClInclude Include="..\..\..\SFML-Game-Development-Book\05_States\Include\Book\Foreach.hpp">
      <Filter>Header Files</Filter>
    </ClInclude>
    <ClInclude Include="..\..\..\SFML-Game-Development-Book\05_States\Include\Book\GameState.hpp">
      <Filter>Header Files</Filter>
    </ClInclude>
    <ClInclude Include="..\..\..\SFML-Game-Development-Book\05_States\Include\Book\LoadingState.hpp">
      <Filter>Header Files</Filter>
    </ClInclude>
    <ClInclude Include="..\..\..\SFML-Game-Development-Book\05_States\Include\Book\MenuState.hpp">
      <Filter>Header Files</Filter>
    </ClInclude>
    <ClInclude Include="..\..\..\SFML-Game-Development-Book\05_States\Include\Book\ParallelTask.hpp">
      <Filter>Header Files</Filter>
    </ClInclude>
    <ClInclude Include="..\..\..\SFML-Game-Development-Book\05_States\Include\Book\PauseState.hpp">
      <Filter>Header Files</Filter>
    </ClInclude>
    <ClInclude Include="..\..\..\SFML-Game-Development-Book\05_States\Include\Book\Player.hpp">
      <Filter>Header Files</Filter>
    </ClInclude>
    <ClInclude Include="..\..\..\SFML-Game-Development-Book\05_States\Include\Book\ResourceHolder.hpp">
      <Filter>Header Files</Filter>
    </ClInclude>
    <ClInclude Include="..\..\..\SFML-Game-Development-Book\05_States\Include\Book\ResourceIdentifiers.hpp">
      <Filter>Header Files</Filter>
    </ClInclude>
    <ClInclude Include="..\..\..\SFML-Game-Development-Book\05_States\Include\Book\SceneNode.hpp">
      <Filter>Header Files</Filter>
    </ClInclude>
    <ClInclude Include="..\..\..\SFML-Game-Development-Book\05_States\Include\Book\SpriteNode.hpp">
      <Filter>Header Files</Filter>
    </ClInclude>
    <ClInclude Include="..\..\..\SFML-Game-Development-Book\05_States\Include\Book\State.hpp">
      <Filter>Header Files</Filter>
    </ClInclude>
    <ClInclude Include="..\..\..\SFML-Game-Development-Book\05_States\Include\Book\StateIdentifiers.hpp">
      <Filter>Header Files</Filter>
    </ClInclude>
    <ClInclude Include="..\..\..\SFML-Game-Development-Book\05_States\Include\Book\StateStack.hpp">
      <Filter>Header Files</Filter>
    </ClInclude>
    <ClInclude Include="..\..\..\SFML-Game-Development-Book\05_States\Include\Book\TitleState.hpp">
      <Filter>Header Files</Filter>
    </ClInclude>
    <ClInclude Include="..\..\..\SFML-Game-Development-Book\05_States\Include\Book\Utility.hpp">
      <Filter>Header Files</Filter>
    </ClInclude>
    <ClInclude Include="..\..\..\SFML-Game-Development-Book\05_States\Include\Book\World.hpp">
      <Filter>Header Files</Filter>
    </ClInclude>
  </ItemGroup>
  <ItemGroup>
    <None Include="..\..\..\SFML-Game-Development-Book\05_States\Include\Book\ResourceHolder.inl">
      <Filter>Header Files</Filter>
    </None>
    <None Include="..\..\..\SFML-Game-Development-Book\05_States\Include\Book\Utility.inl">
      <Filter>Header Files</Filter>
    </None>
  </ItemGroup>
  <ItemGroup>
    <Font Include="..\..\..\SFML-Game-Development-Book\05_States\Media\Sansation.ttf">
      <Filter>Resource Files</Filter>
    </Font>
  </ItemGroup>
  <ItemGroup>
    <Image Include="..\..\..\SFML-Game-Development-Book\05_States\Media\Textures\Desert.png">
      <Filter>Resource Files</Filter>
    </Image>
    <Image Include="..\..\..\SFML-Game-Development-Book\05_States\Media\Textures\Eagle.png">
      <Filter>Resource Files</Filter>
    </Image>
    <Image Include="..\..\..\SFML-Game-Development-Book\05_States\Media\Textures\Raptor.png">
      <Filter>Resource Files</Filter>
    </Image>
    <Image Include="..\..\..\SFML-Game-Development-Book\05_States\Media\Textures\TitleScreen.png">
      <Filter>Resource Files</Filter>
    </Image>
  </ItemGroup>
  <ItemGroup>
    <ClCompile Include="..\..\..\SFML-Game-Development-Book\05_States\Source\Aircraft.cpp">
      <Filter>Source Files</Filter>
    </ClCompile>
    <ClCompile Include="..\..\..\SFML-Game-Development-Book\05_States\Source\Application.cpp">
      <Filter>Source Files</Filter>
    </ClCompile>
    <ClCompile Include="..\..\..\SFML-Game-Development-Book\05_States\Source\Command.cpp">
      <Filter>Source Files</Filter>
    </ClCompile>
    <ClCompile Include="..\..\..\SFML-Game-Development-Book\05_States\Source\CommandQueue.cpp">
      <Filter>Source Files</Filter>
    </ClCompile>
    <ClCompile Include="..\..\..\SFML-Game-Development-Book\05_States\Source\Entity.cpp">
      <Filter>Source Files</Filter>
    </ClCompile>
    <ClCompile Include="..\..\..\SFML-Game-Development-Book\05_States\Source\GameState.cpp">
      <Filter>Source Files</Filter>
    </ClCompile>
    <ClCompile Include="..\..\..\SFML-Game-Development-Book\05_States\Source\LoadingState.cpp">
      <Filter>Source Files</Filter>
    </ClCompile>
    <ClCompile Include="..\..\..\SFML-Game-Development-Book\05_States\Source\Main.cpp">
      <Filter>Source Files</Filter>
    </ClCompile>
    <ClCompile Include="..\..\..\SFML-Game-Development-Book\05_States\Source\MenuState.cpp">
      <Filter>Source Files</Filter>
    </ClCompile>
    <ClCompile Include="..\..\..\SFML-Game-Development-Book\05_States\Source\ParallelTask.cpp">
      <Filter>Source Files</Filter>
    </ClCompile>
    <ClCompile Include="..\..\..\SFML-Game-Development-Book\05_States\Source\PauseState.cpp">
      <Filter>Source Files</Filter>
    </ClCompile>
    <ClCompile Include="..\..\..\SFML-Game-Development-Book\05_States\Source\Player.cpp">
      <Filter>Source Files</Filter>
    </ClCompile>
    <ClCompile Include="..\..\..\SFML-Game-Development-Book\05_States\Source\SceneNode.cpp">
      <Filter>Source Files</Filter>
    </ClCompile>
    <ClCompile Include="..\..\..\SFML-Game-Development-Book\05_States\Source\SpriteNode.cpp">
      <Filter>Source Files</Filter>
    </ClCompile>
    <ClCompile Include="..\..\..\SFML-Game-Development-Book\05_States\Source\State.cpp">
      <Filter>Source Files</Filter>
    </ClCompile>
    <ClCompile Include="..\..\..\SFML-Game-Development-Book\05_States\Source\StateStack.cpp">
      <Filter>Source Files</Filter>
    </ClCompile>
    <ClCompile Include="..\..\..\SFML-Game-Development-Book\05_States\Source\TitleState.cpp">
      <Filter>Source Files</Filter>
    </ClCompile>
    <ClCompile Include="..\..\..\SFML-Game-Development-Book\05_States\Source\Utility.cpp">
      <Filter>Source Files</Filter>
    </ClCompile>
    <ClCompile Include="..\..\..\SFML-Game-Development-Book\05_States\Source\World.cpp">
      <Filter>Source Files</Filter>
    </ClCompile>
  </ItemGroup>
</Project>